
Microsoft Visual Studio Solution File, Format Version 12.00
# Visual Studio 2012
Project("{FAE04EC0-301F-11D3-BF4B-00C04F79EFBC}") = "BalanceAlgorithm", "BalanceAlgorithm\BalanceAlgorithm.csproj", "{BCF181B8-9038-49AF-AE22-C1C00F982377}"
EndProject
Global
	GlobalSection(SolutionConfigurationPlatforms) = preSolution
		Debug|x86 = Debug|x86
		Release|x86 = Release|x86
	EndGlobalSection
	GlobalSection(ProjectConfigurationPlatforms) = postSolution
		{BCF181B8-9038-49AF-AE22-C1C00F982377}.Debug|x86.ActiveCfg = Debug|x86
		{BCF181B8-9038-49AF-AE22-C1C00F982377}.Debug|x86.Build.0 = Debug|x86
		{BCF181B8-9038-49AF-AE22-C1C00F982377}.Release|x86.ActiveCfg = Release|x86
		{BCF181B8-9038-49AF-AE22-C1C00F982377}.Release|x86.Build.0 = Release|x86
	EndGlobalSection
EndGlobal
